
Microsoft Visual Studio Solution File, Format Version 12.00
# Visual Studio Version 17
VisualStudioVersion = 17.6.33829.357
MinimumVisualStudioVersion = 10.0.40219.1
Project("{FAE04EC0-301F-11D3-BF4B-00C04F79EFBC}") = "assignment 3 ques - 6", "assignment 3 ques - 6.csproj", "{6831B9F3-E5EA-443C-BA10-6612A3AE81B3}"
EndProject
Global
	GlobalSection(SolutionConfigurationPlatforms) = preSolution
		Debug|Any CPU = Debug|Any CPU
		Release|Any CPU = Release|Any CPU
	EndGlobalSection
	GlobalSection(ProjectConfigurationPlatforms) = postSolution
		{6831B9F3-E5EA-443C-BA10-6612A3AE81B3}.Debug|Any CPU.ActiveCfg = Debug|Any CPU
		{6831B9F3-E5EA-443C-BA10-6612A3AE81B3}.Debug|Any CPU.Build.0 = Debug|Any CPU
		{6831B9F3-E5EA-443C-BA10-6612A3AE81B3}.Release|Any CPU.ActiveCfg = Release|Any CPU
		{6831B9F3-E5EA-443C-BA10-6612A3AE81B3}.Release|Any CPU.Build.0 = Release|Any CPU
	EndGlobalSection
	GlobalSection(SolutionProperties) = preSolution
		HideSolutionNode = FALSE
	EndGlobalSection
	GlobalSection(ExtensibilityGlobals) = postSolution
		SolutionGuid = {4BBB3D5C-F65E-4CCD-B80C-49C6A63CFA4E}
	EndGlobalSection
EndGlobal
